
Microsoft Visual Studio Solution File, Format Version 12.00
# Visual Studio 15
VisualStudioVersion = 15.0.26228.9
MinimumVisualStudioVersion = 10.0.40219.1
Project("{9A19103F-16F7-4668-BE54-9A1E7A4F7556}") = "Ark3", "src\Ark3\Ark3.csproj", "{C215E978-3386-45FD-9222-647FA760D372}"
EndProject
Project("{FAE04EC0-301F-11D3-BF4B-00C04F79EFBC}") = "Ark3.Test", "test\Ark3.Test\Ark3.Test.csproj", "{0C734D50-54FD-4FFB-9B09-5D3B26FB43B8}"
EndProject
Global
	GlobalSection(SolutionConfigurationPlatforms) = preSolution
		Debug|Any CPU = Debug|Any CPU
		Release|Any CPU = Release|Any CPU
	EndGlobalSection
	GlobalSection(ProjectConfigurationPlatforms) = postSolution
		{C215E978-3386-45FD-9222-647FA760D372}.Debug|Any CPU.ActiveCfg = Debug|Any CPU
		{C215E978-3386-45FD-9222-647FA760D372}.Debug|Any CPU.Build.0 = Debug|Any CPU
		{C215E978-3386-45FD-9222-647FA760D372}.Release|Any CPU.ActiveCfg = Release|Any CPU
		{C215E978-3386-45FD-9222-647FA760D372}.Release|Any CPU.Build.0 = Release|Any CPU
		{0C734D50-54FD-4FFB-9B09-5D3B26FB43B8}.Debug|Any CPU.ActiveCfg = Debug|Any CPU
		{0C734D50-54FD-4FFB-9B09-5D3B26FB43B8}.Debug|Any CPU.Build.0 = Debug|Any CPU
		{0C734D50-54FD-4FFB-9B09-5D3B26FB43B8}.Release|Any CPU.ActiveCfg = Release|Any CPU
		{0C734D50-54FD-4FFB-9B09-5D3B26FB43B8}.Release|Any CPU.Build.0 = Release|Any CPU
	EndGlobalSection
	GlobalSection(SolutionProperties) = preSolution
		HideSolutionNode = FALSE
	EndGlobalSection
EndGlobal
